<?xml version="1.0" encoding="utf-8"?>
<Project ToolsVersion="4.0" xmlns="http://schemas.microsoft.com/developer/msbuild/2003">
  <ItemGroup>
    <Filter Include="Source Files">
      <UniqueIdentifier>{4FC737F1-C7A5-4376-A066-2A32D752A2FF}</UniqueIdentifier>
      <Extensions>cpp;c;cc;cxx;c++;cppm;ixx;def;odl;idl;hpj;bat;asm;asmx</Extensions>
    </Filter>
    <Filter Include="Header Files">
      <UniqueIdentifier>{93995380-89BD-4b04-88EB-625FBE52EBFB}</UniqueIdentifier>
      <Extensions>h;hh;hpp;hxx;h++;hm;inl;inc;ipp;xsd</Extensions>
    </Filter>
    <Filter Include="Resource Files">
      <UniqueIdentifier>{67DA6AB6-F800-4c08-8B7A-83BB121AAD01}</UniqueIdentifier>
      <Extensions>rc;ico;cur;bmp;dlg;rc2;rct;bin;rgs;gif;jpg;jpeg;jpe;resx;tiff;tif;png;wav;mfcribbon-ms</Extensions>
    </Filter>
  </ItemGroup>
  <ItemGroup>
    <ClInclude Include="cGame.h">
      <Filter>Header Files</Filter>
    </ClInclude>
    <ClInclude Include="Console.h">
      <Filter>Header Files</Filter>
    </ClInclude>
    <ClInclude Include="cPlayer.h">
      <Filter>Header Files</Filter>
    </ClInclude>
    <ClInclude Include="cVehicle.h">
      <Filter>Header Files</Filter>
    </ClInclude>
    <ClInclude Include="Game.h">
      <Filter>Header Files</Filter>
    </ClInclude>
    <ClInclude Include="Graphics.h">
      <Filter>Header Files</Filter>
    </ClInclude>
    <ClInclude Include="Menu.h">
      <Filter>Header Files</Filter>
    </ClInclude>
    <ClInclude Include="TrafficLight.h">
      <Filter>Header Files</Filter>
    </ClInclude>
    <ClInclude Include="cAnimal.h">
      <Filter>Header Files</Filter>
    </ClInclude>
    <ClInclude Include="cCar.h">
      <Filter>Header Files</Filter>
    </ClInclude>
    <ClInclude Include="cTruck.h">
      <Filter>Header Files</Filter>
    </ClInclude>
    <ClInclude Include="cBird.h">
      <Filter>Header Files</Filter>
    </ClInclude>
    <ClInclude Include="cDinosaur.h">
      <Filter>Header Files</Filter>
    </ClInclude>
  </ItemGroup>
  <ItemGroup>
    <ClCompile Include="Game.cpp">
      <Filter>Source Files</Filter>
    </ClCompile>
    <ClCompile Include="Graphics.cpp">
      <Filter>Source Files</Filter>
    </ClCompile>
    <ClCompile Include="main.cpp">
      <Filter>Source Files</Filter>
    </ClCompile>
    <ClCompile Include="Menu.cpp">
      <Filter>Source Files</Filter>
    </ClCompile>
    <ClCompile Include="TrafficLight.cpp">
      <Filter>Source Files</Filter>
    </ClCompile>
    <ClCompile Include="Console.cpp">
      <Filter>Source Files</Filter>
    </ClCompile>
    <ClCompile Include="cGame.cpp">
      <Filter>Source Files</Filter>
    </ClCompile>
    <ClCompile Include="cVehicle.cpp">
      <Filter>Source Files</Filter>
    </ClCompile>
    <ClCompile Include="cCar.cpp">
      <Filter>Source Files</Filter>
    </ClCompile>
    <ClCompile Include="cBird.cpp">
      <Filter>Source Files</Filter>
    </ClCompile>
    <ClCompile Include="cDinosaur.cpp">
      <Filter>Source Files</Filter>
    </ClCompile>
    <ClCompile Include="cAnimal.cpp">
      <Filter>Source Files</Filter>
    </ClCompile>
    <ClCompile Include="cTruck.cpp">
      <Filter>Source Files</Filter>
    </ClCompile>
    <ClCompile Include="cPlayer.cpp">
      <Filter>Source Files</Filter>
    </ClCompile>
  </ItemGroup>
  <ItemGroup>
    <Text Include="dinosaur.txt">
      <Filter>Source Files</Filter>
    </Text>
    <Text Include="game over.txt">
      <Filter>Source Files</Filter>
    </Text>
    <Text Include="menu.txt">
      <Filter>Source Files</Filter>
    </Text>
    <Text Include="Option.txt">
      <Filter>Source Files</Filter>
    </Text>
    <Text Include="truck.txt">
      <Filter>Source Files</Filter>
    </Text>
    <Text Include="bird.txt">
      <Filter>Source Files</Filter>
    </Text>
    <Text Include="brand.txt">
      <Filter>Source Files</Filter>
    </Text>
    <Text Include="car.txt">
      <Filter>Source Files</Filter>
    </Text>
    <Text Include="character.txt">
      <Filter>Source Files</Filter>
    </Text>
    <Text Include="Congrat_Table.txt">
      <Filter>Source Files</Filter>
    </Text>
    <Text Include="how to play_table.txt">
      <Filter>Source Files</Filter>
    </Text>
    <Text Include="map.txt">
      <Filter>Source Files</Filter>
    </Text>
    <Text Include="trafficlight.txt">
      <Filter>Source Files</Filter>
    </Text>
    <Text Include="blank.txt">
      <Filter>Source Files</Filter>
    </Text>
    <Text Include="Exit.txt">
      <Filter>Source Files</Filter>
    </Text>
  </ItemGroup>
  <ItemGroup>
    <Media Include="StepFoot.wav">
      <Filter>Source Files</Filter>
    </Media>
    <Media Include="BackGroundMS.wav">
      <Filter>Source Files</Filter>
    </Media>
    <Media Include="TrafficLight.wav">
      <Filter>Source Files</Filter>
    </Media>
    <Media Include="CompleteLevel.wav">
      <Filter>Source Files</Filter>
    </Media>
    <Media Include="GameOver.wav">
      <Filter>Source Files</Filter>
    </Media>
    <Media Include="BG.wav">
      <Filter>Source Files</Filter>
    </Media>
  </ItemGroup>
</Project>